{
  "nodes": {
    "nixpkgs": {
      "locked": {
        "lastModified": 1748889542,
        "narHash": "sha256-Hb4iMhIbjX45GcrgOp3b8xnyli+ysRPqAgZ/LZgyT5k=",
        "owner": "NixOS",
        "repo": "nixpkgs",
        "rev": "10d7f8d34e5eb9c0f9a0485186c1ca691d2c5922",
        "type": "github"
      },
      "original": {
        "owner": "NixOS",
        "ref": "nixos-25.05",
        "repo": "nixpkgs",
        "type": "github"
      }
    },
    "nixpkgs-unstable": {
      "locked": {
        "lastModified": 1755027561,
        "narHash": "sha256-IVft239Bc8p8Dtvf7UAACMG5P3ZV+3/aO28gXpGtMXI=",
        "owner": "NixOS",
        "repo": "nixpkgs",
        "rev": "005433b926e16227259a1843015b5b2b7f7d1fc3",
        "type": "github"
      },
      "original": {
        "owner": "NixOS",
        "ref": "nixos-unstable",
        "repo": "nixpkgs",
        "type": "github"
      }
    },
    "nixpkgs_2": {
      "locked": {
        "lastModified": 1736082329,
        "narHash": "sha256-MKzPUlSIB1Vl9Xwb7aPWbZurljtDY9grii7XMRM0s5w=",
        "owner": "NixOS",
        "repo": "nixpkgs",
        "rev": "aec3457418b2176287e71b7b740996227d3979ce",
        "type": "github"
      },
      "original": {
        "owner": "NixOS",
        "repo": "nixpkgs",
        "type": "github"
      }
    },
    "root": {
      "inputs": {
        "nixpkgs": "nixpkgs",
        "nixpkgs-unstable": "nixpkgs-unstable",
        "zerotier-desktop-ui": "zerotier-desktop-ui"
      }
    },
    "zerotier-desktop-ui": {
      "inputs": {
        "nixpkgs": "nixpkgs_2"
      },
      "locked": {
        "lastModified": 1736102242,
        "narHash": "sha256-BpYq6mBBb8K2djIpW+qQBUbsjA+ZRYP7fUoBy7SBVSc=",
        "owner": "jbbjarnason",
        "repo": "DesktopUI",
        "rev": "b8d7f1d7d91947b3e561ed02ac6871cb6f78cdd3",
        "type": "github"
      },
      "original": {
        "owner": "jbbjarnason",
        "ref": "add-nix",
        "repo": "DesktopUI",
        "type": "github"
      }
    }
  },
  "root": "root",
  "version": 7
}
